
Microsoft Visual Studio Solution File, Format Version 12.00
# Visual Studio 15
VisualStudioVersion = 15.0.27130.2024
MinimumVisualStudioVersion = 10.0.40219.1
Project("{FAE04EC0-301F-11D3-BF4B-00C04F79EFBC}") = "OsmTool.Wpf", "OSMTool.Wpf\OsmTool.Wpf.csproj", "{BF0AEFC3-CBCA-4658-B4C2-A33A7D650333}"
EndProject
Project("{FAE04EC0-301F-11D3-BF4B-00C04F79EFBC}") = "OsmTool.Core", "OSMTool.Core\OsmTool.Core.csproj", "{0A58D49D-C59F-4E68-9FDB-BAFBB095A13B}"
EndProject
Project("{FAE04EC0-301F-11D3-BF4B-00C04F79EFBC}") = "OsmTool.Test", "OSMTool.Test\OsmTool.Test.csproj", "{A07FC462-ED6E-4D51-863C-E3FD71F25FF5}"
EndProject
Project("{FAE04EC0-301F-11D3-BF4B-00C04F79EFBC}") = "Simulation.Traffic", "Simulation.Traffic\Simulation.Traffic.csproj", "{D8BFFC12-1277-4D9D-BF86-6E1F407F3BC0}"
EndProject
Project("{FAE04EC0-301F-11D3-BF4B-00C04F79EFBC}") = "Alpinechough.Srtm", "..\..\..\..\Source\Git\Alpinechough.Srtm\Alpinechough.Srtm.csproj", "{CD10A6E7-745F-4C82-9AAB-C5AA90944195}"
EndProject
Project("{9A19103F-16F7-4668-BE54-9A1E7A4F7556}") = "Simulation.Traffic.Test", "Simulation.Traffic.Test\Simulation.Traffic.Test.csproj", "{9F4049F2-1307-4321-A393-3D2E8528BC2D}"
EndProject
Project("{9A19103F-16F7-4668-BE54-9A1E7A4F7556}") = "Simulation.Geometry", "Simulation.Geometry\Simulation.Geometry.csproj", "{3C036D3D-F405-4A15-B390-5DA571F4B799}"
EndProject
Project("{9A19103F-16F7-4668-BE54-9A1E7A4F7556}") = "Simulation.People", "Simulation.People\Simulation.People.csproj", "{A3BAF46C-DA9B-4BC7-8A6C-1E3A407BF2A7}"
EndProject
Project("{9A19103F-16F7-4668-BE54-9A1E7A4F7556}") = "Simulation.Leisure", "Simulation.Leisure\Simulation.Leisure.csproj", "{19D465D1-7792-4330-9C6E-FCF2279E8F30}"
EndProject
Project("{9A19103F-16F7-4668-BE54-9A1E7A4F7556}") = "Simulation.Buildings", "Simulation.Buildings\Simulation.Buildings.csproj", "{7FBCE503-DE4A-4168-B49F-6614B2198558}"
EndProject
Project("{9A19103F-16F7-4668-BE54-9A1E7A4F7556}") = "Simulation.Occupation", "Simulation.Occupation\Simulation.Occupation.csproj", "{B71A1975-9003-4435-8B97-94E128A47684}"
EndProject
Project("{9A19103F-16F7-4668-BE54-9A1E7A4F7556}") = "Simulation.People.Test", "Simulation.People.Test\Simulation.People.Test.csproj", "{196B4653-69E4-45C9-9E1A-6ED4F90DF166}"
EndProject
Project("{9A19103F-16F7-4668-BE54-9A1E7A4F7556}") = "Simulation.People.Generator", "Simulation.People.Generator\Simulation.People.Generator.csproj", "{25CFB5B6-D609-4A41-BF04-6E8BE3D71C70}"
EndProject
Project("{9A19103F-16F7-4668-BE54-9A1E7A4F7556}") = "Simulation.Data", "Simulation.Data\Simulation.Data.csproj", "{D94BF5BD-54D2-4179-923E-2C7FF5BEC8A0}"
EndProject
Project("{FAE04EC0-301F-11D3-BF4B-00C04F79EFBC}") = "Simulation.Buildings.Test", "Simulation.Buildings.Test\Simulation.Buildings.Test.csproj", "{DC4269E8-5A5E-429E-A73C-F307BA072090}"
EndProject
Project("{FAE04EC0-301F-11D3-BF4B-00C04F79EFBC}") = "Simulation.Rendering", "Simulation.Rendering\Simulation.Rendering.csproj", "{3E052699-8A55-4DF5-8923-D818A57E32CF}"
EndProject
Project("{FAE04EC0-301F-11D3-BF4B-00C04F79EFBC}") = "Simulation.Data.Test", "Simulation.Data.Test\Simulation.Data.Test.csproj", "{D5815D0C-4FCD-471B-872E-81613BC543E1}"
EndProject
Global
	GlobalSection(SolutionConfigurationPlatforms) = preSolution
		Debug|Any CPU = Debug|Any CPU
		Release|Any CPU = Release|Any CPU
	EndGlobalSection
	GlobalSection(ProjectConfigurationPlatforms) = postSolution
		{BF0AEFC3-CBCA-4658-B4C2-A33A7D650333}.Debug|Any CPU.ActiveCfg = Debug|Any CPU
		{BF0AEFC3-CBCA-4658-B4C2-A33A7D650333}.Debug|Any CPU.Build.0 = Debug|Any CPU
		{BF0AEFC3-CBCA-4658-B4C2-A33A7D650333}.Release|Any CPU.ActiveCfg = Release|Any CPU
		{BF0AEFC3-CBCA-4658-B4C2-A33A7D650333}.Release|Any CPU.Build.0 = Release|Any CPU
		{0A58D49D-C59F-4E68-9FDB-BAFBB095A13B}.Debug|Any CPU.ActiveCfg = Debug|Any CPU
		{0A58D49D-C59F-4E68-9FDB-BAFBB095A13B}.Debug|Any CPU.Build.0 = Debug|Any CPU
		{0A58D49D-C59F-4E68-9FDB-BAFBB095A13B}.Release|Any CPU.ActiveCfg = Release|Any CPU
		{0A58D49D-C59F-4E68-9FDB-BAFBB095A13B}.Release|Any CPU.Build.0 = Release|Any CPU
		{A07FC462-ED6E-4D51-863C-E3FD71F25FF5}.Debug|Any CPU.ActiveCfg = Debug|Any CPU
		{A07FC462-ED6E-4D51-863C-E3FD71F25FF5}.Debug|Any CPU.Build.0 = Debug|Any CPU
		{A07FC462-ED6E-4D51-863C-E3FD71F25FF5}.Release|Any CPU.ActiveCfg = Release|Any CPU
		{A07FC462-ED6E-4D51-863C-E3FD71F25FF5}.Release|Any CPU.Build.0 = Release|Any CPU
		{D8BFFC12-1277-4D9D-BF86-6E1F407F3BC0}.Debug|Any CPU.ActiveCfg = Debug|Any CPU
		{D8BFFC12-1277-4D9D-BF86-6E1F407F3BC0}.Debug|Any CPU.Build.0 = Debug|Any CPU
		{D8BFFC12-1277-4D9D-BF86-6E1F407F3BC0}.Release|Any CPU.ActiveCfg = Release|Any CPU
		{D8BFFC12-1277-4D9D-BF86-6E1F407F3BC0}.Release|Any CPU.Build.0 = Release|Any CPU
		{CD10A6E7-745F-4C82-9AAB-C5AA90944195}.Debug|Any CPU.ActiveCfg = Debug|Any CPU
		{CD10A6E7-745F-4C82-9AAB-C5AA90944195}.Debug|Any CPU.Build.0 = Debug|Any CPU
		{CD10A6E7-745F-4C82-9AAB-C5AA90944195}.Release|Any CPU.ActiveCfg = Release|Any CPU
		{CD10A6E7-745F-4C82-9AAB-C5AA90944195}.Release|Any CPU.Build.0 = Release|Any CPU
		{9F4049F2-1307-4321-A393-3D2E8528BC2D}.Debug|Any CPU.ActiveCfg = Debug|Any CPU
		{9F4049F2-1307-4321-A393-3D2E8528BC2D}.Debug|Any CPU.Build.0 = Debug|Any CPU
		{9F4049F2-1307-4321-A393-3D2E8528BC2D}.Release|Any CPU.ActiveCfg = Release|Any CPU
		{9F4049F2-1307-4321-A393-3D2E8528BC2D}.Release|Any CPU.Build.0 = Release|Any CPU
		{3C036D3D-F405-4A15-B390-5DA571F4B799}.Debug|Any CPU.ActiveCfg = Debug|Any CPU
		{3C036D3D-F405-4A15-B390-5DA571F4B799}.Debug|Any CPU.Build.0 = Debug|Any CPU
		{3C036D3D-F405-4A15-B390-5DA571F4B799}.Release|Any CPU.ActiveCfg = Release|Any CPU
		{3C036D3D-F405-4A15-B390-5DA571F4B799}.Release|Any CPU.Build.0 = Release|Any CPU
		{A3BAF46C-DA9B-4BC7-8A6C-1E3A407BF2A7}.Debug|Any CPU.ActiveCfg = Debug|Any CPU
		{A3BAF46C-DA9B-4BC7-8A6C-1E3A407BF2A7}.Debug|Any CPU.Build.0 = Debug|Any CPU
		{A3BAF46C-DA9B-4BC7-8A6C-1E3A407BF2A7}.Release|Any CPU.ActiveCfg = Release|Any CPU
		{A3BAF46C-DA9B-4BC7-8A6C-1E3A407BF2A7}.Release|Any CPU.Build.0 = Release|Any CPU
		{19D465D1-7792-4330-9C6E-FCF2279E8F30}.Debug|Any CPU.ActiveCfg = Debug|Any CPU
		{19D465D1-7792-4330-9C6E-FCF2279E8F30}.Debug|Any CPU.Build.0 = Debug|Any CPU
		{19D465D1-7792-4330-9C6E-FCF2279E8F30}.Release|Any CPU.ActiveCfg = Release|Any CPU
		{19D465D1-7792-4330-9C6E-FCF2279E8F30}.Release|Any CPU.Build.0 = Release|Any CPU
		{7FBCE503-DE4A-4168-B49F-6614B2198558}.Debug|Any CPU.ActiveCfg = Debug|Any CPU
		{7FBCE503-DE4A-4168-B49F-6614B2198558}.Debug|Any CPU.Build.0 = Debug|Any CPU
		{7FBCE503-DE4A-4168-B49F-6614B2198558}.Release|Any CPU.ActiveCfg = Release|Any CPU
		{7FBCE503-DE4A-4168-B49F-6614B2198558}.Release|Any CPU.Build.0 = Release|Any CPU
		{B71A1975-9003-4435-8B97-94E128A47684}.Debug|Any CPU.ActiveCfg = Debug|Any CPU
		{B71A1975-9003-4435-8B97-94E128A47684}.Debug|Any CPU.Build.0 = Debug|Any CPU
		{B71A1975-9003-4435-8B97-94E128A47684}.Release|Any CPU.ActiveCfg = Release|Any CPU
		{B71A1975-9003-4435-8B97-94E128A47684}.Release|Any CPU.Build.0 = Release|Any CPU
		{196B4653-69E4-45C9-9E1A-6ED4F90DF166}.Debug|Any CPU.ActiveCfg = Debug|Any CPU
		{196B4653-69E4-45C9-9E1A-6ED4F90DF166}.Debug|Any CPU.Build.0 = Debug|Any CPU
		{196B4653-69E4-45C9-9E1A-6ED4F90DF166}.Release|Any CPU.ActiveCfg = Release|Any CPU
		{196B4653-69E4-45C9-9E1A-6ED4F90DF166}.Release|Any CPU.Build.0 = Release|Any CPU
		{25CFB5B6-D609-4A41-BF04-6E8BE3D71C70}.Debug|Any CPU.ActiveCfg = Debug|Any CPU
		{25CFB5B6-D609-4A41-BF04-6E8BE3D71C70}.Debug|Any CPU.Build.0 = Debug|Any CPU
		{25CFB5B6-D609-4A41-BF04-6E8BE3D71C70}.Release|Any CPU.ActiveCfg = Release|Any CPU
		{25CFB5B6-D609-4A41-BF04-6E8BE3D71C70}.Release|Any CPU.Build.0 = Release|Any CPU
		{D94BF5BD-54D2-4179-923E-2C7FF5BEC8A0}.Debug|Any CPU.ActiveCfg = Debug|Any CPU
		{D94BF5BD-54D2-4179-923E-2C7FF5BEC8A0}.Debug|Any CPU.Build.0 = Debug|Any CPU
		{D94BF5BD-54D2-4179-923E-2C7FF5BEC8A0}.Release|Any CPU.ActiveCfg = Release|Any CPU
		{D94BF5BD-54D2-4179-923E-2C7FF5BEC8A0}.Release|Any CPU.Build.0 = Release|Any CPU
		{DC4269E8-5A5E-429E-A73C-F307BA072090}.Debug|Any CPU.ActiveCfg = Debug|Any CPU
		{DC4269E8-5A5E-429E-A73C-F307BA072090}.Debug|Any CPU.Build.0 = Debug|Any CPU
		{DC4269E8-5A5E-429E-A73C-F307BA072090}.Release|Any CPU.ActiveCfg = Release|Any CPU
		{DC4269E8-5A5E-429E-A73C-F307BA072090}.Release|Any CPU.Build.0 = Release|Any CPU
		{3E052699-8A55-4DF5-8923-D818A57E32CF}.Debug|Any CPU.ActiveCfg = Debug|Any CPU
		{3E052699-8A55-4DF5-8923-D818A57E32CF}.Debug|Any CPU.Build.0 = Debug|Any CPU
		{3E052699-8A55-4DF5-8923-D818A57E32CF}.Release|Any CPU.ActiveCfg = Release|Any CPU
		{3E052699-8A55-4DF5-8923-D818A57E32CF}.Release|Any CPU.Build.0 = Release|Any CPU
		{D5815D0C-4FCD-471B-872E-81613BC543E1}.Debug|Any CPU.ActiveCfg = Debug|Any CPU
		{D5815D0C-4FCD-471B-872E-81613BC543E1}.Debug|Any CPU.Build.0 = Debug|Any CPU
		{D5815D0C-4FCD-471B-872E-81613BC543E1}.Release|Any CPU.ActiveCfg = Release|Any CPU
		{D5815D0C-4FCD-471B-872E-81613BC543E1}.Release|Any CPU.Build.0 = Release|Any CPU
	EndGlobalSection
	GlobalSection(SolutionProperties) = preSolution
		HideSolutionNode = FALSE
	EndGlobalSection
	GlobalSection(ExtensibilityGlobals) = postSolution
		SolutionGuid = {2863BDD9-CAAA-4451-87E4-7F849032B1EB}
	EndGlobalSection
	GlobalSection(Performance) = preSolution
		HasPerformanceSessions = true
	EndGlobalSection
EndGlobal
